// !$*UTF8*$!
{
	archiveVersion = 1;
	classes = {
	};
	objectVersion = 50;
	objects = {

/* Begin PBXBuildFile section */
		75FBF36620CD546100131045 /* AppDelegate.swift in Sources */ = {isa = PBXBuildFile; fileRef = 75FBF36520CD546100131045 /* AppDelegate.swift */; };
		75FBF36820CD546100131045 /* ViewController.swift in Sources */ = {isa = PBXBuildFile; fileRef = 75FBF36720CD546100131045 /* ViewController.swift */; };
		75FBF36B20CD546100131045 /* Main.storyboard in Resources */ = {isa = PBXBuildFile; fileRef = 75FBF36920CD546100131045 /* Main.storyboard */; };
		75FBF36D20CD546400131045 /* Assets.xcassets in Resources */ = {isa = PBXBuildFile; fileRef = 75FBF36C20CD546400131045 /* Assets.xcassets */; };
		75FBF37020CD546400131045 /* LaunchScreen.storyboard in Resources */ = {isa = PBXBuildFile; fileRef = 75FBF36E20CD546400131045 /* LaunchScreen.storyboard */; };
		75FBF37B20CD546400131045 /* UIPathAutomator_SampleAppTests.swift in Sources */ = {isa = PBXBuildFile; fileRef = 75FBF37A20CD546400131045 /* UIPathAutomator_SampleAppTests.swift */; };
		75FBF38620CD546400131045 /* UIPathAutomator_SampleAppUITests.swift in Sources */ = {isa = PBXBuildFile; fileRef = 75FBF38520CD546400131045 /* UIPathAutomator_SampleAppUITests.swift */; };
		75FBF39F20CD55E700131045 /* TableViewController.swift in Sources */ = {isa = PBXBuildFile; fileRef = 75FBF39E20CD55E700131045 /* TableViewController.swift */; };
		75FBF3AA20CD59F500131045 /* UIPathAutomator.framework in Embed Frameworks */ = {isa = PBXBuildFile; fileRef = 75FBF39920CD548000131045 /* UIPathAutomator.framework */; settings = {ATTRIBUTES = (CodeSignOnCopy, RemoveHeadersOnCopy, ); }; };
/* End PBXBuildFile section */

/* Begin PBXContainerItemProxy section */
		75FBF37720CD546400131045 /* PBXContainerItemProxy */ = {
			isa = PBXContainerItemProxy;
			containerPortal = 75FBF35A20CD546100131045 /* Project object */;
			proxyType = 1;
			remoteGlobalIDString = 75FBF36120CD546100131045;
			remoteInfo = "UIPathAutomator-SampleApp";
		};
		75FBF38220CD546400131045 /* PBXContainerItemProxy */ = {
			isa = PBXContainerItemProxy;
			containerPortal = 75FBF35A20CD546100131045 /* Project object */;
			proxyType = 1;
			remoteGlobalIDString = 75FBF36120CD546100131045;
			remoteInfo = "UIPathAutomator-SampleApp";
		};
		75FBF39820CD548000131045 /* PBXContainerItemProxy */ = {
			isa = PBXContainerItemProxy;
			containerPortal = 75FBF39320CD548000131045 /* UIPathAutomator.xcodeproj */;
			proxyType = 2;
			remoteGlobalIDString = 75FBF33620CD525D00131045;
			remoteInfo = UIPathAutomator;
		};
		75FBF39A20CD548000131045 /* PBXContainerItemProxy */ = {
			isa = PBXContainerItemProxy;
			containerPortal = 75FBF39320CD548000131045 /* UIPathAutomator.xcodeproj */;
			proxyType = 2;
			remoteGlobalIDString = 75FBF33F20CD525E00131045;
			remoteInfo = UIPathAutomatorTests;
		};
		75FBF3A620CD59DC00131045 /* PBXContainerItemProxy */ = {
			isa = PBXContainerItemProxy;
			containerPortal = 75FBF39320CD548000131045 /* UIPathAutomator.xcodeproj */;
			proxyType = 1;
			remoteGlobalIDString = 75FBF33520CD525D00131045;
			remoteInfo = UIPathAutomator;
		};
		75FBF3AB20CD59F500131045 /* PBXContainerItemProxy */ = {
			isa = PBXContainerItemProxy;
			containerPortal = 75FBF39320CD548000131045 /* UIPathAutomator.xcodeproj */;
			proxyType = 1;
			remoteGlobalIDString = 75FBF33520CD525D00131045;
			remoteInfo = UIPathAutomator;
		};
/* End PBXContainerItemProxy section */

/* Begin PBXCopyFilesBuildPhase section */
		75FBF3AD20CD59F500131045 /* Embed Frameworks */ = {
			isa = PBXCopyFilesBuildPhase;
			buildActionMask = 2147483647;
			dstPath = "";
			dstSubfolderSpec = 10;
			files = (
				75FBF3AA20CD59F500131045 /* UIPathAutomator.framework in Embed Frameworks */,
			);
			name = "Embed Frameworks";
			runOnlyForDeploymentPostprocessing = 0;
		};
/* End PBXCopyFilesBuildPhase section */

/* Begin PBXFileReference section */
		75FBF36220CD546100131045 /* UIPathAutomator-SampleApp.app */ = {isa = PBXFileReference; explicitFileType = wrapper.application; includeInIndex = 0; path = "UIPathAutomator-SampleApp.app"; sourceTree = BUILT_PRODUCTS_DIR; };
		75FBF36520CD546100131045 /* AppDelegate.swift */ = {isa = PBXFileReference; lastKnownFileType = sourcecode.swift; path = AppDelegate.swift; sourceTree = "<group>"; };
		75FBF36720CD546100131045 /* ViewController.swift */ = {isa = PBXFileReference; lastKnownFileType = sourcecode.swift; path = ViewController.swift; sourceTree = "<group>"; };
		75FBF36A20CD546100131045 /* Base */ = {isa = PBXFileReference; lastKnownFileType = file.storyboard; name = Base; path = Base.lproj/Main.storyboard; sourceTree = "<group>"; };
		75FBF36C20CD546400131045 /* Assets.xcassets */ = {isa = PBXFileReference; lastKnownFileType = folder.assetcatalog; path = Assets.xcassets; sourceTree = "<group>"; };
		75FBF36F20CD546400131045 /* Base */ = {isa = PBXFileReference; lastKnownFileType = file.storyboard; name = Base; path = Base.lproj/LaunchScreen.storyboard; sourceTree = "<group>"; };
		75FBF37120CD546400131045 /* Info.plist */ = {isa = PBXFileReference; lastKnownFileType = text.plist.xml; path = Info.plist; sourceTree = "<group>"; };
		75FBF37620CD546400131045 /* UIPathAutomator-SampleAppTests.xctest */ = {isa = PBXFileReference; explicitFileType = wrapper.cfbundle; includeInIndex = 0; path = "UIPathAutomator-SampleAppTests.xctest"; sourceTree = BUILT_PRODUCTS_DIR; };
		75FBF37A20CD546400131045 /* UIPathAutomator_SampleAppTests.swift */ = {isa = PBXFileReference; lastKnownFileType = sourcecode.swift; path = UIPathAutomator_SampleAppTests.swift; sourceTree = "<group>"; };
		75FBF37C20CD546400131045 /* Info.plist */ = {isa = PBXFileReference; lastKnownFileType = text.plist.xml; path = Info.plist; sourceTree = "<group>"; };
		75FBF38120CD546400131045 /* UIPathAutomator-SampleAppUITests.xctest */ = {isa = PBXFileReference; explicitFileType = wrapper.cfbundle; includeInIndex = 0; path = "UIPathAutomator-SampleAppUITests.xctest"; sourceTree = BUILT_PRODUCTS_DIR; };
		75FBF38520CD546400131045 /* UIPathAutomator_SampleAppUITests.swift */ = {isa = PBXFileReference; lastKnownFileType = sourcecode.swift; path = UIPathAutomator_SampleAppUITests.swift; sourceTree = "<group>"; };
		75FBF38720CD546400131045 /* Info.plist */ = {isa = PBXFileReference; lastKnownFileType = text.plist.xml; path = Info.plist; sourceTree = "<group>"; };
		75FBF39320CD548000131045 /* UIPathAutomator.xcodeproj */ = {isa = PBXFileReference; lastKnownFileType = "wrapper.pb-project"; name = UIPathAutomator.xcodeproj; path = ../UIPathAutomator/UIPathAutomator.xcodeproj; sourceTree = "<group>"; };
		75FBF39E20CD55E700131045 /* TableViewController.swift */ = {isa = PBXFileReference; lastKnownFileType = sourcecode.swift; path = TableViewController.swift; sourceTree = "<group>"; };
/* End PBXFileReference section */

/* Begin PBXFrameworksBuildPhase section */
		75FBF35F20CD546100131045 /* Frameworks */ = {
			isa = PBXFrameworksBuildPhase;
			buildActionMask = 2147483647;
			files = (
			);
			runOnlyForDeploymentPostprocessing = 0;
		};
		75FBF37320CD546400131045 /* Frameworks */ = {
			isa = PBXFrameworksBuildPhase;
			buildActionMask = 2147483647;
			files = (
			);
			runOnlyForDeploymentPostprocessing = 0;
		};
		75FBF37E20CD546400131045 /* Frameworks */ = {
			isa = PBXFrameworksBuildPhase;
			buildActionMask = 2147483647;
			files = (
			);
			runOnlyForDeploymentPostprocessing = 0;
		};
/* End PBXFrameworksBuildPhase section */

/* Begin PBXGroup section */
		75FBF35920CD546100131045 = {
			isa = PBXGroup;
			children = (
				75FBF39320CD548000131045 /* UIPathAutomator.xcodeproj */,
				75FBF36420CD546100131045 /* UIPathAutomator-SampleApp */,
				75FBF37920CD546400131045 /* UIPathAutomator-SampleAppTests */,
				75FBF38420CD546400131045 /* UIPathAutomator-SampleAppUITests */,
				75FBF36320CD546100131045 /* Products */,
				75FBF3A020CD598A00131045 /* Frameworks */,
			);
			sourceTree = "<group>";
		};
		75FBF36320CD546100131045 /* Products */ = {
			isa = PBXGroup;
			children = (
				75FBF36220CD546100131045 /* UIPathAutomator-SampleApp.app */,
				75FBF37620CD546400131045 /* UIPathAutomator-SampleAppTests.xctest */,
				75FBF38120CD546400131045 /* UIPathAutomator-SampleAppUITests.xctest */,
			);
			name = Products;
			sourceTree = "<group>";
		};
		75FBF36420CD546100131045 /* UIPathAutomator-SampleApp */ = {
			isa = PBXGroup;
			children = (
				75FBF36520CD546100131045 /* AppDelegate.swift */,
				75FBF36720CD546100131045 /* ViewController.swift */,
				75FBF39E20CD55E700131045 /* TableViewController.swift */,
				75FBF36920CD546100131045 /* Main.storyboard */,
				75FBF36C20CD546400131045 /* Assets.xcassets */,
				75FBF36E20CD546400131045 /* LaunchScreen.storyboard */,
				75FBF37120CD546400131045 /* Info.plist */,
			);
			path = "UIPathAutomator-SampleApp";
			sourceTree = "<group>";
		};
		75FBF37920CD546400131045 /* UIPathAutomator-SampleAppTests */ = {
			isa = PBXGroup;
			children = (
				75FBF37A20CD546400131045 /* UIPathAutomator_SampleAppTests.swift */,
				75FBF37C20CD546400131045 /* Info.plist */,
			);
			path = "UIPathAutomator-SampleAppTests";
			sourceTree = "<group>";
		};
		75FBF38420CD546400131045 /* UIPathAutomator-SampleAppUITests */ = {
			isa = PBXGroup;
			children = (
				75FBF38520CD546400131045 /* UIPathAutomator_SampleAppUITests.swift */,
				75FBF38720CD546400131045 /* Info.plist */,
			);
			path = "UIPathAutomator-SampleAppUITests";
			sourceTree = "<group>";
		};
		75FBF39420CD548000131045 /* Products */ = {
			isa = PBXGroup;
			children = (
				75FBF39920CD548000131045 /* UIPathAutomator.framework */,
				75FBF39B20CD548000131045 /* UIPathAutomatorTests.xctest */,
			);
			name = Products;
			sourceTree = "<group>";
		};
		75FBF3A020CD598A00131045 /* Frameworks */ = {
			isa = PBXGroup;
			children = (
			);
			name = Frameworks;
			sourceTree = "<group>";
		};
/* End PBXGroup section */

/* Begin PBXNativeTarget section */
		75FBF36120CD546100131045 /* UIPathAutomator-SampleApp */ = {
			isa = PBXNativeTarget;
			buildConfigurationList = 75FBF38A20CD546400131045 /* Build configuration list for PBXNativeTarget "UIPathAutomator-SampleApp" */;
			buildPhases = (
				75FBF35E20CD546100131045 /* Sources */,
				75FBF35F20CD546100131045 /* Frameworks */,
				75FBF36020CD546100131045 /* Resources */,
				75FBF3AD20CD59F500131045 /* Embed Frameworks */,
			);
			buildRules = (
			);
			dependencies = (
				75FBF3A720CD59DC00131045 /* PBXTargetDependency */,
				75FBF3AC20CD59F500131045 /* PBXTargetDependency */,
			);
			name = "UIPathAutomator-SampleApp";
			productName = "UIPathAutomator-SampleApp";
			productReference = 75FBF36220CD546100131045 /* UIPathAutomator-SampleApp.app */;
			productType = "com.apple.product-type.application";
		};
		75FBF37520CD546400131045 /* UIPathAutomator-SampleAppTests */ = {
			isa = PBXNativeTarget;
			buildConfigurationList = 75FBF38D20CD546400131045 /* Build configuration list for PBXNativeTarget "UIPathAutomator-SampleAppTests" */;
			buildPhases = (
				75FBF37220CD546400131045 /* Sources */,
				75FBF37320CD546400131045 /* Frameworks */,
				75FBF37420CD546400131045 /* Resources */,
			);
			buildRules = (
			);
			dependencies = (
				75FBF37820CD546400131045 /* PBXTargetDependency */,
			);
			name = "UIPathAutomator-SampleAppTests";
			productName = "UIPathAutomator-SampleAppTests";
			productReference = 75FBF37620CD546400131045 /* UIPathAutomator-SampleAppTests.xctest */;
			productType = "com.apple.product-type.bundle.unit-test";
		};
		75FBF38020CD546400131045 /* UIPathAutomator-SampleAppUITests */ = {
			isa = PBXNativeTarget;
			buildConfigurationList = 75FBF39020CD546400131045 /* Build configuration list for PBXNativeTarget "UIPathAutomator-SampleAppUITests" */;
			buildPhases = (
				75FBF37D20CD546400131045 /* Sources */,
				75FBF37E20CD546400131045 /* Frameworks */,
				75FBF37F20CD546400131045 /* Resources */,
			);
			buildRules = (
			);
			dependencies = (
				75FBF38320CD546400131045 /* PBXTargetDependency */,
			);
			name = "UIPathAutomator-SampleAppUITests";
			productName = "UIPathAutomator-SampleAppUITests";
			productReference = 75FBF38120CD546400131045 /* UIPathAutomator-SampleAppUITests.xctest */;
			productType = "com.apple.product-type.bundle.ui-testing";
		};
/* End PBXNativeTarget section */

/* Begin PBXProject section */
		75FBF35A20CD546100131045 /* Project object */ = {
			isa = PBXProject;
			attributes = {
				LastSwiftUpdateCheck = 0940;
				LastUpgradeCheck = 0940;
				ORGANIZATIONNAME = "Emanuel Jarnea";
				TargetAttributes = {
					75FBF36120CD546100131045 = {
						CreatedOnToolsVersion = 9.4;
					};
					75FBF37520CD546400131045 = {
						CreatedOnToolsVersion = 9.4;
						TestTargetID = 75FBF36120CD546100131045;
					};
					75FBF38020CD546400131045 = {
						CreatedOnToolsVersion = 9.4;
						TestTargetID = 75FBF36120CD546100131045;
					};
				};
			};
			buildConfigurationList = 75FBF35D20CD546100131045 /* Build configuration list for PBXProject "UIPathAutomator-SampleApp" */;
			compatibilityVersion = "Xcode 9.3";
			developmentRegion = en;
			hasScannedForEncodings = 0;
			knownRegions = (
				en,
				Base,
			);
			mainGroup = 75FBF35920CD546100131045;
			productRefGroup = 75FBF36320CD546100131045 /* Products */;
			projectDirPath = "";
			projectReferences = (
				{
					ProductGroup = 75FBF39420CD548000131045 /* Products */;
					ProjectRef = 75FBF39320CD548000131045 /* UIPathAutomator.xcodeproj */;
				},
			);
			projectRoot = "";
			targets = (
				75FBF36120CD546100131045 /* UIPathAutomator-SampleApp */,
				75FBF37520CD546400131045 /* UIPathAutomator-SampleAppTests */,
				75FBF38020CD546400131045 /* UIPathAutomator-SampleAppUITests */,
			);
		};
/* End PBXProject section */

/* Begin PBXReferenceProxy section */
		75FBF39920CD548000131045 /* UIPathAutomator.framework */ = {
			isa = PBXReferenceProxy;
			fileType = wrapper.framework;
			path = UIPathAutomator.framework;
			remoteRef = 75FBF39820CD548000131045 /* PBXContainerItemProxy */;
			sourceTree = BUILT_PRODUCTS_DIR;
		};
		75FBF39B20CD548000131045 /* UIPathAutomatorTests.xctest */ = {
			isa = PBXReferenceProxy;
			fileType = wrapper.cfbundle;
			path = UIPathAutomatorTests.xctest;
			remoteRef = 75FBF39A20CD548000131045 /* PBXContainerItemProxy */;
			sourceTree = BUILT_PRODUCTS_DIR;
		};
/* End PBXReferenceProxy section */

/* Begin PBXResourcesBuildPhase section */
		75FBF36020CD546100131045 /* Resources */ = {
			isa = PBXResourcesBuildPhase;
			buildActionMask = 2147483647;
			files = (
				75FBF37020CD546400131045 /* LaunchScreen.storyboard in Resources */,
				75FBF36D20CD546400131045 /* Assets.xcassets in Resources */,
				75FBF36B20CD546100131045 /* Main.storyboard in Resources */,
			);
			runOnlyForDeploymentPostprocessing = 0;
		};
		75FBF37420CD546400131045 /* Resources */ = {
			isa = PBXResourcesBuildPhase;
			buildActionMask = 2147483647;
			files = (
			);
			runOnlyForDeploymentPostprocessing = 0;
		};
		75FBF37F20CD546400131045 /* Resources */ = {
			isa = PBXResourcesBuildPhase;
			buildActionMask = 2147483647;
			files = (
			);
			runOnlyForDeploymentPostprocessing = 0;
		};
/* End PBXResourcesBuildPhase section */

/* Begin PBXSourcesBuildPhase section */
		75FBF35E20CD546100131045 /* Sources */ = {
			isa = PBXSourcesBuildPhase;
			buildActionMask = 2147483647;
			files = (
				75FBF36820CD546100131045 /* ViewController.swift in Sources */,
				75FBF39F20CD55E700131045 /* TableViewController.swift in Sources */,
				75FBF36620CD546100131045 /* AppDelegate.swift in Sources */,
			);
			runOnlyForDeploymentPostprocessing = 0;
		};
		75FBF37220CD546400131045 /* Sources */ = {
			isa = PBXSourcesBuildPhase;
			buildActionMask = 2147483647;
			files = (
				75FBF37B20CD546400131045 /* UIPathAutomator_SampleAppTests.swift in Sources */,
			);
			runOnlyForDeploymentPostprocessing = 0;
		};
		75FBF37D20CD546400131045 /* Sources */ = {
			isa = PBXSourcesBuildPhase;
			buildActionMask = 2147483647;
			files = (
				75FBF38620CD546400131045 /* UIPathAutomator_SampleAppUITests.swift in Sources */,
			);
			runOnlyForDeploymentPostprocessing = 0;
		};
/* End PBXSourcesBuildPhase section */

/* Begin PBXTargetDependency section */
		75FBF37820CD546400131045 /* PBXTargetDependency */ = {
			isa = PBXTargetDependency;
			target = 75FBF36120CD546100131045 /* UIPathAutomator-SampleApp */;
			targetProxy = 75FBF37720CD546400131045 /* PBXContainerItemProxy */;
		};
		75FBF38320CD546400131045 /* PBXTargetDependency */ = {
			isa = PBXTargetDependency;
			target = 75FBF36120CD546100131045 /* UIPathAutomator-SampleApp */;
			targetProxy = 75FBF38220CD546400131045 /* PBXContainerItemProxy */;
		};
		75FBF3A720CD59DC00131045 /* PBXTargetDependency */ = {
			isa = PBXTargetDependency;
			name = UIPathAutomator;
			targetProxy = 75FBF3A620CD59DC00131045 /* PBXContainerItemProxy */;
		};
		75FBF3AC20CD59F500131045 /* PBXTargetDependency */ = {
			isa = PBXTargetDependency;
			name = UIPathAutomator;
			targetProxy = 75FBF3AB20CD59F500131045 /* PBXContainerItemProxy */;
		};
/* End PBXTargetDependency section */

/* Begin PBXVariantGroup section */
		75FBF36920CD546100131045 /* Main.storyboard */ = {
			isa = PBXVariantGroup;
			children = (
				75FBF36A20CD546100131045 /* Base */,
			);
			name = Main.storyboard;
			sourceTree = "<group>";
		};
		75FBF36E20CD546400131045 /* LaunchScreen.storyboard */ = {
			isa = PBXVariantGroup;
			children = (
				75FBF36F20CD546400131045 /* Base */,
			);
			name = LaunchScreen.storyboard;
			sourceTree = "<group>";
		};
/* End PBXVariantGroup section */

/* Begin XCBuildConfiguration section */
		75FBF38820CD546400131045 /* Debug */ = {
			isa = XCBuildConfiguration;
			buildSettings = {
				ALWAYS_SEARCH_USER_PATHS = NO;
				CLANG_ANALYZER_NONNULL = YES;
				CLANG_ANALYZER_NUMBER_OBJECT_CONVERSION = YES_AGGRESSIVE;
				CLANG_CXX_LANGUAGE_STANDARD = "gnu++14";
				CLANG_CXX_LIBRARY = "libc++";
				CLANG_ENABLE_MODULES = YES;
				CLANG_ENABLE_OBJC_ARC = YES;
				CLANG_ENABLE_OBJC_WEAK = YES;
				CLANG_WARN_BLOCK_CAPTURE_AUTORELEASING = YES;
				CLANG_WARN_BOOL_CONVERSION = YES;
				CLANG_WARN_COMMA = YES;
				CLANG_WARN_CONSTANT_CONVERSION = YES;
				CLANG_WARN_DEPRECATED_OBJC_IMPLEMENTATIONS = YES;
				CLANG_WARN_DIRECT_OBJC_ISA_USAGE = YES_ERROR;
				CLANG_WARN_DOCUMENTATION_COMMENTS = YES;
				CLANG_WARN_EMPTY_BODY = YES;
				CLANG_WARN_ENUM_CONVERSION = YES;
				CLANG_WARN_INFINITE_RECURSION = YES;
				CLANG_WARN_INT_CONVERSION = YES;
				CLANG_WARN_NON_LITERAL_NULL_CONVERSION = YES;
				CLANG_WARN_OBJC_IMPLICIT_RETAIN_SELF = YES;
				CLANG_WARN_OBJC_LITERAL_CONVERSION = YES;
				CLANG_WARN_OBJC_ROOT_CLASS = YES_ERROR;
				CLANG_WARN_RANGE_LOOP_ANALYSIS = YES;
				CLANG_WARN_STRICT_PROTOTYPES = YES;
				CLANG_WARN_SUSPICIOUS_MOVE = YES;
				CLANG_WARN_UNGUARDED_AVAILABILITY = YES_AGGRESSIVE;
				CLANG_WARN_UNREACHABLE_CODE = YES;
				CLANG_WARN__DUPLICATE_METHOD_MATCH = YES;
				CODE_SIGN_IDENTITY = "iPhone Developer";
				COPY_PHASE_STRIP = NO;
				DEBUG_INFORMATION_FORMAT = dwarf;
				ENABLE_STRICT_OBJC_MSGSEND = YES;
				ENABLE_TESTABILITY = YES;
				GCC_C_LANGUAGE_STANDARD = gnu11;
				GCC_DYNAMIC_NO_PIC = NO;
				GCC_NO_COMMON_BLOCKS = YES;
				GCC_OPTIMIZATION_LEVEL = 0;
				GCC_PREPROCESSOR_DEFINITIONS = (
					"DEBUG=1",
					"$(inherited)",
				);
				GCC_WARN_64_TO_32_BIT_CONVERSION = YES;
				GCC_WARN_ABOUT_RETURN_TYPE = YES_ERROR;
				GCC_WARN_UNDECLARED_SELECTOR = YES;
				GCC_WARN_UNINITIALIZED_AUTOS = YES_AGGRESSIVE;
				GCC_WARN_UNUSED_FUNCTION = YES;
				GCC_WARN_UNUSED_VARIABLE = YES;
				IPHONEOS_DEPLOYMENT_TARGET = 11.4;
				MTL_ENABLE_DEBUG_INFO = YES;
				ONLY_ACTIVE_ARCH = YES;
				SDKROOT = iphoneos;
				SWIFT_ACTIVE_COMPILATION_CONDITIONS = DEBUG;
				SWIFT_OPTIMIZATION_LEVEL = "-Onone";
			};
			name = Debug;
		};
		75FBF38920CD546400131045 /* Release */ = {
			isa = XCBuildConfiguration;
			buildSettings = {
				ALWAYS_SEARCH_USER_PATHS = NO;
				CLANG_ANALYZER_NONNULL = YES;
				CLANG_ANALYZER_NUMBER_OBJECT_CONVERSION = YES_AGGRESSIVE;
				CLANG_CXX_LANGUAGE_STANDARD = "gnu++14";
				CLANG_CXX_LIBRARY = "libc++";
				CLANG_ENABLE_MODULES = YES;
				CLANG_ENABLE_OBJC_ARC = YES;
				CLANG_ENABLE_OBJC_WEAK = YES;
				CLANG_WARN_BLOCK_CAPTURE_AUTORELEASING = YES;
				CLANG_WARN_BOOL_CONVERSION = YES;
				CLANG_WARN_COMMA = YES;
				CLANG_WARN_CONSTANT_CONVERSION = YES;
				CLANG_WARN_DEPRECATED_OBJC_IMPLEMENTATIONS = YES;
				CLANG_WARN_DIRECT_OBJC_ISA_USAGE = YES_ERROR;
				CLANG_WARN_DOCUMENTATION_COMMENTS = YES;
				CLANG_WARN_EMPTY_BODY = YES;
				CLANG_WARN_ENUM_CONVERSION = YES;
				CLANG_WARN_INFINITE_RECURSION = YES;
				CLANG_WARN_INT_CONVERSION = YES;
				CLANG_WARN_NON_LITERAL_NULL_CONVERSION = YES;
				CLANG_WARN_OBJC_IMPLICIT_RETAIN_SELF = YES;
				CLANG_WARN_OBJC_LITERAL_CONVERSION = YES;
				CLANG_WARN_OBJC_ROOT_CLASS = YES_ERROR;
				CLANG_WARN_RANGE_LOOP_ANALYSIS = YES;
				CLANG_WARN_STRICT_PROTOTYPES = YES;
				CLANG_WARN_SUSPICIOUS_MOVE = YES;
				CLANG_WARN_UNGUARDED_AVAILABILITY = YES_AGGRESSIVE;
				CLANG_WARN_UNREACHABLE_CODE = YES;
				CLANG_WARN__DUPLICATE_METHOD_MATCH = YES;
				CODE_SIGN_IDENTITY = "iPhone Developer";
				COPY_PHASE_STRIP = NO;
				DEBUG_INFORMATION_FORMAT = "dwarf-with-dsym";
				ENABLE_NS_ASSERTIONS = NO;
				ENABLE_STRICT_OBJC_MSGSEND = YES;
				GCC_C_LANGUAGE_STANDARD = gnu11;
				GCC_NO_COMMON_BLOCKS = YES;
				GCC_WARN_64_TO_32_BIT_CONVERSION = YES;
				GCC_WARN_ABOUT_RETURN_TYPE = YES_ERROR;
				GCC_WARN_UNDECLARED_SELECTOR = YES;
				GCC_WARN_UNINITIALIZED_AUTOS = YES_AGGRESSIVE;
				GCC_WARN_UNUSED_FUNCTION = YES;
				GCC_WARN_UNUSED_VARIABLE = YES;
				IPHONEOS_DEPLOYMENT_TARGET = 11.4;
				MTL_ENABLE_DEBUG_INFO = NO;
				SDKROOT = iphoneos;
				SWIFT_COMPILATION_MODE = wholemodule;
				SWIFT_OPTIMIZATION_LEVEL = "-O";
				VALIDATE_PRODUCT = YES;
			};
			name = Release;
		};
		75FBF38B20CD546400131045 /* Debug */ = {
			isa = XCBuildConfiguration;
			buildSettings = {
				ALWAYS_EMBED_SWIFT_STANDARD_LIBRARIES = YES;
				ASSETCATALOG_COMPILER_APPICON_NAME = AppIcon;
				CODE_SIGN_STYLE = Automatic;
				INFOPLIST_FILE = "UIPathAutomator-SampleApp/Info.plist";
				LD_RUNPATH_SEARCH_PATHS = (
					"$(inherited)",
					"@executable_path/Frameworks",
				);
				PRODUCT_BUNDLE_IDENTIFIER = "com.emixb.UIPathAutomator-SampleApp";
				PRODUCT_NAME = "$(TARGET_NAME)";
				SWIFT_VERSION = 4.0;
				TARGETED_DEVICE_FAMILY = "1,2";
			};
			name = Debug;
		};
		75FBF38C20CD546400131045 /* Release */ = {
			isa = XCBuildConfiguration;
			buildSettings = {
				ALWAYS_EMBED_SWIFT_STANDARD_LIBRARIES = YES;
				ASSETCATALOG_COMPILER_APPICON_NAME = AppIcon;
				CODE_SIGN_STYLE = Automatic;
				INFOPLIST_FILE = "UIPathAutomator-SampleApp/Info.plist";
				LD_RUNPATH_SEARCH_PATHS = (
					"$(inherited)",
					"@executable_path/Frameworks",
				);
				PRODUCT_BUNDLE_IDENTIFIER = "com.emixb.UIPathAutomator-SampleApp";
				PRODUCT_NAME = "$(TARGET_NAME)";
				SWIFT_VERSION = 4.0;
				TARGETED_DEVICE_FAMILY = "1,2";
			};
			name = Release;
		};
		75FBF38E20CD546400131045 /* Debug */ = {
			isa = XCBuildConfiguration;
			buildSettings = {
				ALWAYS_EMBED_SWIFT_STANDARD_LIBRARIES = YES;
				BUNDLE_LOADER = "$(TEST_HOST)";
				CODE_SIGN_STYLE = Automatic;
				INFOPLIST_FILE = "UIPathAutomator-SampleAppTests/Info.plist";
				LD_RUNPATH_SEARCH_PATHS = (
					"$(inherited)",
					"@executable_path/Frameworks",
					"@loader_path/Frameworks",
				);
				PRODUCT_BUNDLE_IDENTIFIER = "com.emixb.UIPathAutomator-SampleAppTests";
				PRODUCT_NAME = "$(TARGET_NAME)";
				SWIFT_VERSION = 4.0;
				TARGETED_DEVICE_FAMILY = "1,2";
				TEST_HOST = "$(BUILT_PRODUCTS_DIR)/UIPathAutomator-SampleApp.app/UIPathAutomator-SampleApp";
			};
			name = Debug;
		};
		75FBF38F20CD546400131045 /* Release */ = {
			isa = XCBuildConfiguration;
			buildSettings = {
				ALWAYS_EMBED_SWIFT_STANDARD_LIBRARIES = YES;
				BUNDLE_LOADER = "$(TEST_HOST)";
				CODE_SIGN_STYLE = Automatic;
				INFOPLIST_FILE = "UIPathAutomator-SampleAppTests/Info.plist";
				LD_RUNPATH_SEARCH_PATHS = (
					"$(inherited)",
					"@executable_path/Frameworks",
					"@loader_path/Frameworks",
				);
				PRODUCT_BUNDLE_IDENTIFIER = "com.emixb.UIPathAutomator-SampleAppTests";
				PRODUCT_NAME = "$(TARGET_NAME)";
				SWIFT_VERSION = 4.0;
				TARGETED_DEVICE_FAMILY = "1,2";
				TEST_HOST = "$(BUILT_PRODUCTS_DIR)/UIPathAutomator-SampleApp.app/UIPathAutomator-SampleApp";
			};
			name = Release;
		};
		75FBF39120CD546400131045 /* Debug */ = {
			isa = XCBuildConfiguration;
			buildSettings = {
				ALWAYS_EMBED_SWIFT_STANDARD_LIBRARIES = YES;
				CODE_SIGN_STYLE = Automatic;
				INFOPLIST_FILE = "UIPathAutomator-SampleAppUITests/Info.plist";
				LD_RUNPATH_SEARCH_PATHS = (
					"$(inherited)",
					"@executable_path/Frameworks",
					"@loader_path/Frameworks",
				);
				PRODUCT_BUNDLE_IDENTIFIER = "com.emixb.UIPathAutomator-SampleAppUITests";
				PRODUCT_NAME = "$(TARGET_NAME)";
				SWIFT_VERSION = 4.0;
				TARGETED_DEVICE_FAMILY = "1,2";
				TEST_TARGET_NAME = "UIPathAutomator-SampleApp";
			};
			name = Debug;
		};
		75FBF39220CD546400131045 /* Release */ = {
			isa = XCBuildConfiguration;
			buildSettings = {
				ALWAYS_EMBED_SWIFT_STANDARD_LIBRARIES = YES;
				CODE_SIGN_STYLE = Automatic;
				INFOPLIST_FILE = "UIPathAutomator-SampleAppUITests/Info.plist";
				LD_RUNPATH_SEARCH_PATHS = (
					"$(inherited)",
					"@executable_path/Frameworks",
					"@loader_path/Frameworks",
				);
				PRODUCT_BUNDLE_IDENTIFIER = "com.emixb.UIPathAutomator-SampleAppUITests";
				PRODUCT_NAME = "$(TARGET_NAME)";
				SWIFT_VERSION = 4.0;
				TARGETED_DEVICE_FAMILY = "1,2";
				TEST_TARGET_NAME = "UIPathAutomator-SampleApp";
			};
			name = Release;
		};
/* End XCBuildConfiguration section */

/* Begin XCConfigurationList section */
		75FBF35D20CD546100131045 /* Build configuration list for PBXProject "UIPathAutomator-SampleApp" */ = {
			isa = XCConfigurationList;
			buildConfigurations = (
				75FBF38820CD546400131045 /* Debug */,
				75FBF38920CD546400131045 /* Release */,
			);
			defaultConfigurationIsVisible = 0;
			defaultConfigurationName = Release;
		};
		75FBF38A20CD546400131045 /* Build configuration list for PBXNativeTarget "UIPathAutomator-SampleApp" */ = {
			isa = XCConfigurationList;
			buildConfigurations = (
				75FBF38B20CD546400131045 /* Debug */,
				75FBF38C20CD546400131045 /* Release */,
			);
			defaultConfigurationIsVisible = 0;
			defaultConfigurationName = Release;
		};
		75FBF38D20CD546400131045 /* Build configuration list for PBXNativeTarget "UIPathAutomator-SampleAppTests" */ = {
			isa = XCConfigurationList;
			buildConfigurations = (
				75FBF38E20CD546400131045 /* Debug */,
				75FBF38F20CD546400131045 /* Release */,
			);
			defaultConfigurationIsVisible = 0;
			defaultConfigurationName = Release;
		};
		75FBF39020CD546400131045 /* Build configuration list for PBXNativeTarget "UIPathAutomator-SampleAppUITests" */ = {
			isa = XCConfigurationList;
			buildConfigurations = (
				75FBF39120CD546400131045 /* Debug */,
				75FBF39220CD546400131045 /* Release */,
			);
			defaultConfigurationIsVisible = 0;
			defaultConfigurationName = Release;
		};
/* End XCConfigurationList section */
	};
	rootObject = 75FBF35A20CD546100131045 /* Project object */;
}
